
Microsoft Visual Studio Solution File, Format Version 12.00
# Visual Studio Version 16
VisualStudioVersion = 16.0.29609.76
MinimumVisualStudioVersion = 10.0.40219.1
Project("{FAE04EC0-301F-11D3-BF4B-00C04F79EFBC}") = "Playing Cards", "Playing Cards\Playing Cards.csproj", "{521B32CA-DAC6-4FC9-ADF4-793C21761D37}"
EndProject
Global
	GlobalSection(SolutionConfigurationPlatforms) = preSolution
		Debug|Any CPU = Debug|Any CPU
		Release|Any CPU = Release|Any CPU
	EndGlobalSection
	GlobalSection(ProjectConfigurationPlatforms) = postSolution
		{521B32CA-DAC6-4FC9-ADF4-793C21761D37}.Debug|Any CPU.ActiveCfg = Debug|Any CPU
		{521B32CA-DAC6-4FC9-ADF4-793C21761D37}.Debug|Any CPU.Build.0 = Debug|Any CPU
		{521B32CA-DAC6-4FC9-ADF4-793C21761D37}.Release|Any CPU.ActiveCfg = Release|Any CPU
		{521B32CA-DAC6-4FC9-ADF4-793C21761D37}.Release|Any CPU.Build.0 = Release|Any CPU
	EndGlobalSection
	GlobalSection(SolutionProperties) = preSolution
		HideSolutionNode = FALSE
	EndGlobalSection
	GlobalSection(ExtensibilityGlobals) = postSolution
		SolutionGuid = {86D21E23-DA7F-4B7D-81E4-CDE43847DA62}
	EndGlobalSection
EndGlobal
